
Microsoft Visual Studio Solution File, Format Version 12.00
# Visual Studio Version 17
VisualStudioVersion = 17.5.33502.453
MinimumVisualStudioVersion = 10.0.40219.1
Project("{9A19103F-16F7-4668-BE54-9A1E7A4F7556}") = "SecondApi", "SecondApi.csproj", "{DC4369DC-13E5-4C0D-BCD0-3903FBF78561}"
EndProject
Project("{E53339B2-1760-4266-BCC7-CA923CBCF16C}") = "docker-compose", "docker-compose.dcproj", "{EFCF886E-4513-40CA-948A-2C9572E80A4A}"
EndProject
Global
	GlobalSection(SolutionConfigurationPlatforms) = preSolution
		Debug|Any CPU = Debug|Any CPU
		Release|Any CPU = Release|Any CPU
	EndGlobalSection
	GlobalSection(ProjectConfigurationPlatforms) = postSolution
		{DC4369DC-13E5-4C0D-BCD0-3903FBF78561}.Debug|Any CPU.ActiveCfg = Debug|Any CPU
		{DC4369DC-13E5-4C0D-BCD0-3903FBF78561}.Debug|Any CPU.Build.0 = Debug|Any CPU
		{DC4369DC-13E5-4C0D-BCD0-3903FBF78561}.Release|Any CPU.ActiveCfg = Release|Any CPU
		{DC4369DC-13E5-4C0D-BCD0-3903FBF78561}.Release|Any CPU.Build.0 = Release|Any CPU
		{EFCF886E-4513-40CA-948A-2C9572E80A4A}.Debug|Any CPU.ActiveCfg = Debug|Any CPU
		{EFCF886E-4513-40CA-948A-2C9572E80A4A}.Debug|Any CPU.Build.0 = Debug|Any CPU
		{EFCF886E-4513-40CA-948A-2C9572E80A4A}.Release|Any CPU.ActiveCfg = Release|Any CPU
		{EFCF886E-4513-40CA-948A-2C9572E80A4A}.Release|Any CPU.Build.0 = Release|Any CPU
	EndGlobalSection
	GlobalSection(SolutionProperties) = preSolution
		HideSolutionNode = FALSE
	EndGlobalSection
	GlobalSection(ExtensibilityGlobals) = postSolution
		SolutionGuid = {95B18336-1A09-412A-B35B-40FC46674530}
	EndGlobalSection
EndGlobal
